
Microsoft Visual Studio Solution File, Format Version 12.00
# Visual Studio Version 17
VisualStudioVersion = 17.8.34525.116
MinimumVisualStudioVersion = 10.0.40219.1
Project("{FAE04EC0-301F-11D3-BF4B-00C04F79EFBC}") = "ConsoleAppSalario", "ConsoleAppSalario\ConsoleAppSalario.csproj", "{74285660-FE83-44E9-B856-44E1903A5973}"
EndProject
Global
	GlobalSection(SolutionConfigurationPlatforms) = preSolution
		Debug|Any CPU = Debug|Any CPU
		Release|Any CPU = Release|Any CPU
	EndGlobalSection
	GlobalSection(ProjectConfigurationPlatforms) = postSolution
		{74285660-FE83-44E9-B856-44E1903A5973}.Debug|Any CPU.ActiveCfg = Debug|Any CPU
		{74285660-FE83-44E9-B856-44E1903A5973}.Debug|Any CPU.Build.0 = Debug|Any CPU
		{74285660-FE83-44E9-B856-44E1903A5973}.Release|Any CPU.ActiveCfg = Release|Any CPU
		{74285660-FE83-44E9-B856-44E1903A5973}.Release|Any CPU.Build.0 = Release|Any CPU
	EndGlobalSection
	GlobalSection(SolutionProperties) = preSolution
		HideSolutionNode = FALSE
	EndGlobalSection
	GlobalSection(ExtensibilityGlobals) = postSolution
		SolutionGuid = {C92D5E98-E36C-4D6C-A439-6F73CA4376B5}
	EndGlobalSection
EndGlobal
